
Microsoft Visual Studio Solution File, Format Version 12.00
# Visual Studio Version 17
VisualStudioVersion = 17.5.002.0
MinimumVisualStudioVersion = 10.0.40219.1
Project("{2150E333-8FDC-42A3-9474-1A3956D46DE8}") = "src", "src", "{27E69C67-E492-40C6-A63F-24C74E3C4555}"
EndProject
Project("{9A19103F-16F7-4668-BE54-9A1E7A4F7556}") = "EasyLotteryBlazor", "src\EasyLotteryBlazor\EasyLotteryBlazor.csproj", "{D466A838-DEE2-4734-8C45-7877E590FDF9}"
EndProject
Project("{9A19103F-16F7-4668-BE54-9A1E7A4F7556}") = "EasyLotteryAPI", "src\EasyLotteryAPI\EasyLotteryAPI.csproj", "{3AEB50E0-7C08-473A-8FCD-FCA8CF54C6DA}"
EndProject
Project("{9A19103F-16F7-4668-BE54-9A1E7A4F7556}") = "EasyLotteryDomain", "src\EasyLotteryDomain\EasyLotteryDomain.csproj", "{5A72E67D-665F-4959-8B6C-7F65BB8486CE}"
EndProject
Project("{9A19103F-16F7-4668-BE54-9A1E7A4F7556}") = "EasyLotteryWasm", "src\EasyLotteryWasm\EasyLotteryWasm.csproj", "{4A268CD9-1845-43D4-95D7-5A43BAB50CF1}"
EndProject
Project("{2150E333-8FDC-42A3-9474-1A3956D46DE8}") = "tests", "tests", "{06725D07-ACEE-4C91-A986-7C4F61482696}"
EndProject
Project("{9A19103F-16F7-4668-BE54-9A1E7A4F7556}") = "EasyLotteryDomainTests", "tests\EasyLotteryDomainTests\EasyLotteryDomainTests.csproj", "{37596CD7-71FC-48C5-AE89-E26209F01267}"
EndProject
Global
	GlobalSection(SolutionConfigurationPlatforms) = preSolution
		Debug|Any CPU = Debug|Any CPU
		Release|Any CPU = Release|Any CPU
	EndGlobalSection
	GlobalSection(ProjectConfigurationPlatforms) = postSolution
		{D466A838-DEE2-4734-8C45-7877E590FDF9}.Debug|Any CPU.ActiveCfg = Debug|Any CPU
		{D466A838-DEE2-4734-8C45-7877E590FDF9}.Debug|Any CPU.Build.0 = Debug|Any CPU
		{D466A838-DEE2-4734-8C45-7877E590FDF9}.Release|Any CPU.ActiveCfg = Release|Any CPU
		{D466A838-DEE2-4734-8C45-7877E590FDF9}.Release|Any CPU.Build.0 = Release|Any CPU
		{3AEB50E0-7C08-473A-8FCD-FCA8CF54C6DA}.Debug|Any CPU.ActiveCfg = Debug|Any CPU
		{3AEB50E0-7C08-473A-8FCD-FCA8CF54C6DA}.Debug|Any CPU.Build.0 = Debug|Any CPU
		{3AEB50E0-7C08-473A-8FCD-FCA8CF54C6DA}.Release|Any CPU.ActiveCfg = Release|Any CPU
		{3AEB50E0-7C08-473A-8FCD-FCA8CF54C6DA}.Release|Any CPU.Build.0 = Release|Any CPU
		{5A72E67D-665F-4959-8B6C-7F65BB8486CE}.Debug|Any CPU.ActiveCfg = Debug|Any CPU
		{5A72E67D-665F-4959-8B6C-7F65BB8486CE}.Debug|Any CPU.Build.0 = Debug|Any CPU
		{5A72E67D-665F-4959-8B6C-7F65BB8486CE}.Release|Any CPU.ActiveCfg = Release|Any CPU
		{5A72E67D-665F-4959-8B6C-7F65BB8486CE}.Release|Any CPU.Build.0 = Release|Any CPU
		{4A268CD9-1845-43D4-95D7-5A43BAB50CF1}.Debug|Any CPU.ActiveCfg = Debug|Any CPU
		{4A268CD9-1845-43D4-95D7-5A43BAB50CF1}.Debug|Any CPU.Build.0 = Debug|Any CPU
		{4A268CD9-1845-43D4-95D7-5A43BAB50CF1}.Release|Any CPU.ActiveCfg = Release|Any CPU
		{4A268CD9-1845-43D4-95D7-5A43BAB50CF1}.Release|Any CPU.Build.0 = Release|Any CPU
		{37596CD7-71FC-48C5-AE89-E26209F01267}.Debug|Any CPU.ActiveCfg = Debug|Any CPU
		{37596CD7-71FC-48C5-AE89-E26209F01267}.Debug|Any CPU.Build.0 = Debug|Any CPU
		{37596CD7-71FC-48C5-AE89-E26209F01267}.Release|Any CPU.ActiveCfg = Release|Any CPU
		{37596CD7-71FC-48C5-AE89-E26209F01267}.Release|Any CPU.Build.0 = Release|Any CPU
	EndGlobalSection
	GlobalSection(SolutionProperties) = preSolution
		HideSolutionNode = FALSE
	EndGlobalSection
	GlobalSection(NestedProjects) = preSolution
		{D466A838-DEE2-4734-8C45-7877E590FDF9} = {27E69C67-E492-40C6-A63F-24C74E3C4555}
		{3AEB50E0-7C08-473A-8FCD-FCA8CF54C6DA} = {27E69C67-E492-40C6-A63F-24C74E3C4555}
		{5A72E67D-665F-4959-8B6C-7F65BB8486CE} = {27E69C67-E492-40C6-A63F-24C74E3C4555}
		{4A268CD9-1845-43D4-95D7-5A43BAB50CF1} = {27E69C67-E492-40C6-A63F-24C74E3C4555}
		{37596CD7-71FC-48C5-AE89-E26209F01267} = {06725D07-ACEE-4C91-A986-7C4F61482696}
	EndGlobalSection
	GlobalSection(ExtensibilityGlobals) = postSolution
		SolutionGuid = {7F737316-A3CE-4347-A7C4-6521E4865D8C}
	EndGlobalSection
EndGlobal
