
Microsoft Visual Studio Solution File, Format Version 12.00
# Visual Studio Version 17
VisualStudioVersion = 17.5.002.0
MinimumVisualStudioVersion = 10.0.40219.1
Project("{2150E333-8FDC-42A3-9474-1A3956D46DE8}") = "src", "src", "{78082F60-F272-4FEB-A661-5DABA1DBCF35}"
EndProject
Project("{9A19103F-16F7-4668-BE54-9A1E7A4F7556}") = "EasyLotteryAPI", "src\EasyLotteryAPI\EasyLotteryAPI.csproj", "{0EE55359-1E5B-4A2A-8708-E7B2C1EFFAA0}"
EndProject
Project("{9A19103F-16F7-4668-BE54-9A1E7A4F7556}") = "EasyLotteryDomain", "src\EasyLotteryDomain\EasyLotteryDomain.csproj", "{2DDAB29D-C232-430C-802A-3CD1DDCCBA26}"
EndProject
Project("{9A19103F-16F7-4668-BE54-9A1E7A4F7556}") = "EasyLotteryWasm", "src\EasyLotteryWasm\EasyLotteryWasm.csproj", "{3C3C373D-3DDE-4914-B4E1-C5B3EC2B1D57}"
EndProject
Project("{2150E333-8FDC-42A3-9474-1A3956D46DE8}") = "tests", "tests", "{2C3055C2-5246-4CA2-959E-56B0B304F385}"
EndProject
Project("{9A19103F-16F7-4668-BE54-9A1E7A4F7556}") = "EasyLotteryDomainTests", "tests\EasyLotteryDomainTests\EasyLotteryDomainTests.csproj", "{67F483B0-C8B5-4F12-8A42-85A3744EC610}"
EndProject
Global
	GlobalSection(SolutionConfigurationPlatforms) = preSolution
		Debug|Any CPU = Debug|Any CPU
		Release|Any CPU = Release|Any CPU
	EndGlobalSection
	GlobalSection(ProjectConfigurationPlatforms) = postSolution
		{0EE55359-1E5B-4A2A-8708-E7B2C1EFFAA0}.Debug|Any CPU.ActiveCfg = Debug|Any CPU
		{0EE55359-1E5B-4A2A-8708-E7B2C1EFFAA0}.Debug|Any CPU.Build.0 = Debug|Any CPU
		{0EE55359-1E5B-4A2A-8708-E7B2C1EFFAA0}.Release|Any CPU.ActiveCfg = Release|Any CPU
		{0EE55359-1E5B-4A2A-8708-E7B2C1EFFAA0}.Release|Any CPU.Build.0 = Release|Any CPU
		{2DDAB29D-C232-430C-802A-3CD1DDCCBA26}.Debug|Any CPU.ActiveCfg = Debug|Any CPU
		{2DDAB29D-C232-430C-802A-3CD1DDCCBA26}.Debug|Any CPU.Build.0 = Debug|Any CPU
		{2DDAB29D-C232-430C-802A-3CD1DDCCBA26}.Release|Any CPU.ActiveCfg = Release|Any CPU
		{2DDAB29D-C232-430C-802A-3CD1DDCCBA26}.Release|Any CPU.Build.0 = Release|Any CPU
		{3C3C373D-3DDE-4914-B4E1-C5B3EC2B1D57}.Debug|Any CPU.ActiveCfg = Debug|Any CPU
		{3C3C373D-3DDE-4914-B4E1-C5B3EC2B1D57}.Debug|Any CPU.Build.0 = Debug|Any CPU
		{3C3C373D-3DDE-4914-B4E1-C5B3EC2B1D57}.Release|Any CPU.ActiveCfg = Release|Any CPU
		{3C3C373D-3DDE-4914-B4E1-C5B3EC2B1D57}.Release|Any CPU.Build.0 = Release|Any CPU
		{67F483B0-C8B5-4F12-8A42-85A3744EC610}.Debug|Any CPU.ActiveCfg = Debug|Any CPU
		{67F483B0-C8B5-4F12-8A42-85A3744EC610}.Debug|Any CPU.Build.0 = Debug|Any CPU
		{67F483B0-C8B5-4F12-8A42-85A3744EC610}.Release|Any CPU.ActiveCfg = Release|Any CPU
		{67F483B0-C8B5-4F12-8A42-85A3744EC610}.Release|Any CPU.Build.0 = Release|Any CPU
	EndGlobalSection
	GlobalSection(SolutionProperties) = preSolution
		HideSolutionNode = FALSE
	EndGlobalSection
	GlobalSection(NestedProjects) = preSolution
		{0EE55359-1E5B-4A2A-8708-E7B2C1EFFAA0} = {78082F60-F272-4FEB-A661-5DABA1DBCF35}
		{2DDAB29D-C232-430C-802A-3CD1DDCCBA26} = {78082F60-F272-4FEB-A661-5DABA1DBCF35}
		{3C3C373D-3DDE-4914-B4E1-C5B3EC2B1D57} = {78082F60-F272-4FEB-A661-5DABA1DBCF35}
		{67F483B0-C8B5-4F12-8A42-85A3744EC610} = {2C3055C2-5246-4CA2-959E-56B0B304F385}
	EndGlobalSection
	GlobalSection(ExtensibilityGlobals) = postSolution
		SolutionGuid = {7F737316-A3CE-4347-A7C4-6521E4865D8C}
	EndGlobalSection
EndGlobal
